PODS:
  - MultiSelectionTableView (0.1.0)

DEPENDENCIES:
  - MultiSelectionTableView (from `../`)

EXTERNAL SOURCES:
  MultiSelectionTableView:
    :path: "../"

SPEC CHECKSUMS:
  MultiSelectionTableView: aacc5a0826a3ba19a621586f97f7b5ace6d0e36d

PODFILE CHECKSUM: aae9b2f4705fc4f824e95e98edbcf67f25bda2f0

COCOAPODS: 1.5.3
