PODS:
  - MultiSelectionTableView (0.1.0)

DEPENDENCIES:
  - MultiSelectionTableView (from `../`)

EXTERNAL SOURCES:
  MultiSelectionTableView:
    :path: "../"

SPEC CHECKSUMS:
  MultiSelectionTableView: dfe0d7fa60adc7d5773c9bd680b04356f3c95cc6

PODFILE CHECKSUM: aae9b2f4705fc4f824e95e98edbcf67f25bda2f0

COCOAPODS: 1.5.3
